// !$*UTF8*$!
{
	archiveVersion = 1;
	classes = {
	};
	objectVersion = 46;
	objects = {

/* Begin PBXBuildFile section */
		13CE3EB4155611CC009B3448 /* UIKit.framework in Frameworks */ = {isa = PBXBuildFile; fileRef = 13CE3EB3155611CC009B3448 /* UIKit.framework */; };
		13CE3EB6155611CC009B3448 /* Foundation.framework in Frameworks */ = {isa = PBXBuildFile; fileRef = 13CE3EB5155611CC009B3448 /* Foundation.framework */; };
		13CE3EB8155611CC009B3448 /* CoreGraphics.framework in Frameworks */ = {isa = PBXBuildFile; fileRef = 13CE3EB7155611CC009B3448 /* CoreGraphics.framework */; };
		13CE3EBE155611CC009B3448 /* InfoPlist.strings in Resources */ = {isa = PBXBuildFile; fileRef = 13CE3EBC155611CC009B3448 /* InfoPlist.strings */; };
		13CE3EC0155611CC009B3448 /* main.m in Sources */ = {isa = PBXBuildFile; fileRef = 13CE3EBF155611CC009B3448 /* main.m */; };
		13CE3EC4155611CC009B3448 /* AppDelegate.m in Sources */ = {isa = PBXBuildFile; fileRef = 13CE3EC3155611CC009B3448 /* AppDelegate.m */; };
		13CE3EC7155611CC009B3448 /* MainStoryboard.storyboard in Resources */ = {isa = PBXBuildFile; fileRef = 13CE3EC5155611CC009B3448 /* MainStoryboard.storyboard */; };
		13CE3ECA155611CC009B3448 /* ViewController.m in Sources */ = {isa = PBXBuildFile; fileRef = 13CE3EC9155611CC009B3448 /* ViewController.m */; };
		13CE3ED8155611FA009B3448 /* Default.png in Resources */ = {isa = PBXBuildFile; fileRef = 13CE3ED4155611FA009B3448 /* Default.png */; };
		13CE3ED9155611FA009B3448 /* Default@2x.png in Resources */ = {isa = PBXBuildFile; fileRef = 13CE3ED5155611FA009B3448 /* Default@2x.png */; };
		13CE3EDA155611FA009B3448 /* icon57.png in Resources */ = {isa = PBXBuildFile; fileRef = 13CE3ED6155611FA009B3448 /* icon57.png */; };
		13CE3EDB155611FA009B3448 /* icon114.png in Resources */ = {isa = PBXBuildFile; fileRef = 13CE3ED7155611FA009B3448 /* icon114.png */; };
		13CE3EDD15561248009B3448 /* AVFoundation.framework in Frameworks */ = {isa = PBXBuildFile; fileRef = 13CE3EDC15561248009B3448 /* AVFoundation.framework */; };
		13CE3EE315561276009B3448 /* ball.png in Resources */ = {isa = PBXBuildFile; fileRef = 13CE3EDE15561276009B3448 /* ball.png */; };
		13CE3EE415561276009B3448 /* game_maoudamashii_7_event43.wav in Resources */ = {isa = PBXBuildFile; fileRef = 13CE3EDF15561276009B3448 /* game_maoudamashii_7_event43.wav */; };
		13CE3EE515561276009B3448 /* hole.png in Resources */ = {isa = PBXBuildFile; fileRef = 13CE3EE015561276009B3448 /* hole.png */; };
		13CE3EE615561276009B3448 /* se_maoudamashii_magical08.wav in Resources */ = {isa = PBXBuildFile; fileRef = 13CE3EE115561276009B3448 /* se_maoudamashii_magical08.wav */; };
		13CE3EE715561276009B3448 /* se_maoudamashii_system10.wav in Resources */ = {isa = PBXBuildFile; fileRef = 13CE3EE215561276009B3448 /* se_maoudamashii_system10.wav */; };
/* End PBXBuildFile section */

/* Begin PBXFileReference section */
		13CE3EAF155611CC009B3448 /* BallHole.app */ = {isa = PBXFileReference; explicitFileType = wrapper.application; includeInIndex = 0; path = BallHole.app; sourceTree = BUILT_PRODUCTS_DIR; };
		13CE3EB3155611CC009B3448 /* UIKit.framework */ = {isa = PBXFileReference; lastKnownFileType = wrapper.framework; name = UIKit.framework; path = System/Library/Frameworks/UIKit.framework; sourceTree = SDKROOT; };
		13CE3EB5155611CC009B3448 /* Foundation.framework */ = {isa = PBXFileReference; lastKnownFileType = wrapper.framework; name = Foundation.framework; path = System/Library/Frameworks/Foundation.framework; sourceTree = SDKROOT; };
		13CE3EB7155611CC009B3448 /* CoreGraphics.framework */ = {isa = PBXFileReference; lastKnownFileType = wrapper.framework; name = CoreGraphics.framework; path = System/Library/Frameworks/CoreGraphics.framework; sourceTree = SDKROOT; };
		13CE3EBB155611CC009B3448 /* BallHole-Info.plist */ = {isa = PBXFileReference; lastKnownFileType = text.plist.xml; path = "BallHole-Info.plist"; sourceTree = "<group>"; };
		13CE3EBD155611CC009B3448 /* en */ = {isa = PBXFileReference; lastKnownFileType = text.plist.strings; name = en; path = en.lproj/InfoPlist.strings; sourceTree = "<group>"; };
		13CE3EBF155611CC009B3448 /* main.m */ = {isa = PBXFileReference; lastKnownFileType = sourcecode.c.objc; path = main.m; sourceTree = "<group>"; };
		13CE3EC1155611CC009B3448 /* BallHole-Prefix.pch */ = {isa = PBXFileReference; lastKnownFileType = sourcecode.c.h; path = "BallHole-Prefix.pch"; sourceTree = "<group>"; };
		13CE3EC2155611CC009B3448 /* AppDelegate.h */ = {isa = PBXFileReference; lastKnownFileType = sourcecode.c.h; path = AppDelegate.h; sourceTree = "<group>"; };
		13CE3EC3155611CC009B3448 /* AppDelegate.m */ = {isa = PBXFileReference; lastKnownFileType = sourcecode.c.objc; path = AppDelegate.m; sourceTree = "<group>"; };
		13CE3EC6155611CC009B3448 /* en */ = {isa = PBXFileReference; lastKnownFileType = file.storyboard; name = en; path = en.lproj/MainStoryboard.storyboard; sourceTree = "<group>"; };
		13CE3EC8155611CC009B3448 /* ViewController.h */ = {isa = PBXFileReference; lastKnownFileType = sourcecode.c.h; path = ViewController.h; sourceTree = "<group>"; };
		13CE3EC9155611CC009B3448 /* ViewController.m */ = {isa = PBXFileReference; lastKnownFileType = sourcecode.c.objc; path = ViewController.m; sourceTree = "<group>"; };
		13CE3ED4155611FA009B3448 /* Default.png */ = {isa = PBXFileReference; lastKnownFileType = image.png; path = Default.png; sourceTree = "<group>"; };
		13CE3ED5155611FA009B3448 /* Default@2x.png */ = {isa = PBXFileReference; lastKnownFileType = image.png; path = "Default@2x.png"; sourceTree = "<group>"; };
		13CE3ED6155611FA009B3448 /* icon57.png */ = {isa = PBXFileReference; lastKnownFileType = image.png; path = icon57.png; sourceTree = "<group>"; };
		13CE3ED7155611FA009B3448 /* icon114.png */ = {isa = PBXFileReference; lastKnownFileType = image.png; path = icon114.png; sourceTree = "<group>"; };
		13CE3EDC15561248009B3448 /* AVFoundation.framework */ = {isa = PBXFileReference; lastKnownFileType = wrapper.framework; name = AVFoundation.framework; path = System/Library/Frameworks/AVFoundation.framework; sourceTree = SDKROOT; };
		13CE3EDE15561276009B3448 /* ball.png */ = {isa = PBXFileReference; lastKnownFileType = image.png; path = ball.png; sourceTree = "<group>"; };
		13CE3EDF15561276009B3448 /* game_maoudamashii_7_event43.wav */ = {isa = PBXFileReference; lastKnownFileType = audio.wav; path = game_maoudamashii_7_event43.wav; sourceTree = "<group>"; };
		13CE3EE015561276009B3448 /* hole.png */ = {isa = PBXFileReference; lastKnownFileType = image.png; path = hole.png; sourceTree = "<group>"; };
		13CE3EE115561276009B3448 /* se_maoudamashii_magical08.wav */ = {isa = PBXFileReference; lastKnownFileType = audio.wav; path = se_maoudamashii_magical08.wav; sourceTree = "<group>"; };
		13CE3EE215561276009B3448 /* se_maoudamashii_system10.wav */ = {isa = PBXFileReference; lastKnownFileType = audio.wav; path = se_maoudamashii_system10.wav; sourceTree = "<group>"; };
/* End PBXFileReference section */

/* Begin PBXFrameworksBuildPhase section */
		13CE3EAC155611CC009B3448 /* Frameworks */ = {
			isa = PBXFrameworksBuildPhase;
			buildActionMask = 2147483647;
			files = (
				13CE3EDD15561248009B3448 /* AVFoundation.framework in Frameworks */,
				13CE3EB4155611CC009B3448 /* UIKit.framework in Frameworks */,
				13CE3EB6155611CC009B3448 /* Foundation.framework in Frameworks */,
				13CE3EB8155611CC009B3448 /* CoreGraphics.framework in Frameworks */,
			);
			runOnlyForDeploymentPostprocessing = 0;
		};
/* End PBXFrameworksBuildPhase section */

/* Begin PBXGroup section */
		13CE3EA4155611CC009B3448 = {
			isa = PBXGroup;
			children = (
				13CE3EDC15561248009B3448 /* AVFoundation.framework */,
				13CE3ED4155611FA009B3448 /* Default.png */,
				13CE3ED5155611FA009B3448 /* Default@2x.png */,
				13CE3ED6155611FA009B3448 /* icon57.png */,
				13CE3ED7155611FA009B3448 /* icon114.png */,
				13CE3EB9155611CC009B3448 /* BallHole */,
				13CE3EB2155611CC009B3448 /* Frameworks */,
				13CE3EB0155611CC009B3448 /* Products */,
			);
			sourceTree = "<group>";
		};
		13CE3EB0155611CC009B3448 /* Products */ = {
			isa = PBXGroup;
			children = (
				13CE3EAF155611CC009B3448 /* BallHole.app */,
			);
			name = Products;
			sourceTree = "<group>";
		};
		13CE3EB2155611CC009B3448 /* Frameworks */ = {
			isa = PBXGroup;
			children = (
				13CE3EB3155611CC009B3448 /* UIKit.framework */,
				13CE3EB5155611CC009B3448 /* Foundation.framework */,
				13CE3EB7155611CC009B3448 /* CoreGraphics.framework */,
			);
			name = Frameworks;
			sourceTree = "<group>";
		};
		13CE3EB9155611CC009B3448 /* BallHole */ = {
			isa = PBXGroup;
			children = (
				13CE3EDE15561276009B3448 /* ball.png */,
				13CE3EE015561276009B3448 /* hole.png */,
				13CE3EDF15561276009B3448 /* game_maoudamashii_7_event43.wav */,
				13CE3EE115561276009B3448 /* se_maoudamashii_magical08.wav */,
				13CE3EE215561276009B3448 /* se_maoudamashii_system10.wav */,
				13CE3EC2155611CC009B3448 /* AppDelegate.h */,
				13CE3EC3155611CC009B3448 /* AppDelegate.m */,
				13CE3EC5155611CC009B3448 /* MainStoryboard.storyboard */,
				13CE3EC8155611CC009B3448 /* ViewController.h */,
				13CE3EC9155611CC009B3448 /* ViewController.m */,
				13CE3EBA155611CC009B3448 /* Supporting Files */,
			);
			path = BallHole;
			sourceTree = "<group>";
		};
		13CE3EBA155611CC009B3448 /* Supporting Files */ = {
			isa = PBXGroup;
			children = (
				13CE3EBB155611CC009B3448 /* BallHole-Info.plist */,
				13CE3EBC155611CC009B3448 /* InfoPlist.strings */,
				13CE3EBF155611CC009B3448 /* main.m */,
				13CE3EC1155611CC009B3448 /* BallHole-Prefix.pch */,
			);
			name = "Supporting Files";
			sourceTree = "<group>";
		};
/* End PBXGroup section */

/* Begin PBXNativeTarget section */
		13CE3EAE155611CC009B3448 /* BallHole */ = {
			isa = PBXNativeTarget;
			buildConfigurationList = 13CE3ECD155611CC009B3448 /* Build configuration list for PBXNativeTarget "BallHole" */;
			buildPhases = (
				13CE3EAB155611CC009B3448 /* Sources */,
				13CE3EAC155611CC009B3448 /* Frameworks */,
				13CE3EAD155611CC009B3448 /* Resources */,
			);
			buildRules = (
			);
			dependencies = (
			);
			name = BallHole;
			productName = BallHole;
			productReference = 13CE3EAF155611CC009B3448 /* BallHole.app */;
			productType = "com.apple.product-type.application";
		};
/* End PBXNativeTarget section */

/* Begin PBXProject section */
		13CE3EA6155611CC009B3448 /* Project object */ = {
			isa = PBXProject;
			attributes = {
				LastUpgradeCheck = 0430;
				ORGANIZATIONNAME = "LumberMill, Inc.";
			};
			buildConfigurationList = 13CE3EA9155611CC009B3448 /* Build configuration list for PBXProject "BallHole" */;
			compatibilityVersion = "Xcode 3.2";
			developmentRegion = English;
			hasScannedForEncodings = 0;
			knownRegions = (
				en,
			);
			mainGroup = 13CE3EA4155611CC009B3448;
			productRefGroup = 13CE3EB0155611CC009B3448 /* Products */;
			projectDirPath = "";
			projectRoot = "";
			targets = (
				13CE3EAE155611CC009B3448 /* BallHole */,
			);
		};
/* End PBXProject section */

/* Begin PBXResourcesBuildPhase section */
		13CE3EAD155611CC009B3448 /* Resources */ = {
			isa = PBXResourcesBuildPhase;
			buildActionMask = 2147483647;
			files = (
				13CE3EBE155611CC009B3448 /* InfoPlist.strings in Resources */,
				13CE3EC7155611CC009B3448 /* MainStoryboard.storyboard in Resources */,
				13CE3ED8155611FA009B3448 /* Default.png in Resources */,
				13CE3ED9155611FA009B3448 /* Default@2x.png in Resources */,
				13CE3EDA155611FA009B3448 /* icon57.png in Resources */,
				13CE3EDB155611FA009B3448 /* icon114.png in Resources */,
				13CE3EE315561276009B3448 /* ball.png in Resources */,
				13CE3EE415561276009B3448 /* game_maoudamashii_7_event43.wav in Resources */,
				13CE3EE515561276009B3448 /* hole.png in Resources */,
				13CE3EE615561276009B3448 /* se_maoudamashii_magical08.wav in Resources */,
				13CE3EE715561276009B3448 /* se_maoudamashii_system10.wav in Resources */,
			);
			runOnlyForDeploymentPostprocessing = 0;
		};
/* End PBXResourcesBuildPhase section */

/* Begin PBXSourcesBuildPhase section */
		13CE3EAB155611CC009B3448 /* Sources */ = {
			isa = PBXSourcesBuildPhase;
			buildActionMask = 2147483647;
			files = (
				13CE3EC0155611CC009B3448 /* main.m in Sources */,
				13CE3EC4155611CC009B3448 /* AppDelegate.m in Sources */,
				13CE3ECA155611CC009B3448 /* ViewController.m in Sources */,
			);
			runOnlyForDeploymentPostprocessing = 0;
		};
/* End PBXSourcesBuildPhase section */

/* Begin PBXVariantGroup section */
		13CE3EBC155611CC009B3448 /* InfoPlist.strings */ = {
			isa = PBXVariantGroup;
			children = (
				13CE3EBD155611CC009B3448 /* en */,
			);
			name = InfoPlist.strings;
			sourceTree = "<group>";
		};
		13CE3EC5155611CC009B3448 /* MainStoryboard.storyboard */ = {
			isa = PBXVariantGroup;
			children = (
				13CE3EC6155611CC009B3448 /* en */,
			);
			name = MainStoryboard.storyboard;
			sourceTree = "<group>";
		};
/* End PBXVariantGroup section */

/* Begin XCBuildConfiguration section */
		13CE3ECB155611CC009B3448 /* Debug */ = {
			isa = XCBuildConfiguration;
			buildSettings = {
				ALWAYS_SEARCH_USER_PATHS = NO;
				ARCHS = "$(ARCHS_STANDARD_32_BIT)";
				CLANG_ENABLE_OBJC_ARC = YES;
				CODE_SIGN_IDENTITY = "";
				"CODE_SIGN_IDENTITY[sdk=iphoneos*]" = "iPhone Developer";
				COPY_PHASE_STRIP = NO;
				GCC_C_LANGUAGE_STANDARD = gnu99;
				GCC_DYNAMIC_NO_PIC = NO;
				GCC_OPTIMIZATION_LEVEL = 0;
				GCC_PREPROCESSOR_DEFINITIONS = (
					"DEBUG=1",
					"$(inherited)",
				);
				GCC_SYMBOLS_PRIVATE_EXTERN = NO;
				GCC_VERSION = com.apple.compilers.llvm.clang.1_0;
				GCC_WARN_ABOUT_RETURN_TYPE = YES;
				GCC_WARN_UNINITIALIZED_AUTOS = YES;
				GCC_WARN_UNUSED_VARIABLE = YES;
				IPHONEOS_DEPLOYMENT_TARGET = 5.1;
				"PROVISIONING_PROFILE[sdk=iphoneos*]" = "";
				SDKROOT = iphoneos;
			};
			name = Debug;
		};
		13CE3ECC155611CC009B3448 /* Release */ = {
			isa = XCBuildConfiguration;
			buildSettings = {
				ALWAYS_SEARCH_USER_PATHS = NO;
				ARCHS = "$(ARCHS_STANDARD_32_BIT)";
				CLANG_ENABLE_OBJC_ARC = YES;
				CODE_SIGN_IDENTITY = "iPhone Distribution";
				"CODE_SIGN_IDENTITY[sdk=iphoneos*]" = "iPhone Distribution";
				COPY_PHASE_STRIP = YES;
				GCC_C_LANGUAGE_STANDARD = gnu99;
				GCC_VERSION = com.apple.compilers.llvm.clang.1_0;
				GCC_WARN_ABOUT_RETURN_TYPE = YES;
				GCC_WARN_UNINITIALIZED_AUTOS = YES;
				GCC_WARN_UNUSED_VARIABLE = YES;
				IPHONEOS_DEPLOYMENT_TARGET = 5.1;
				OTHER_CFLAGS = "-DNS_BLOCK_ASSERTIONS=1";
				PROVISIONING_PROFILE = "";
				"PROVISIONING_PROFILE[sdk=iphoneos*]" = "";
				SDKROOT = iphoneos;
				VALIDATE_PRODUCT = YES;
			};
			name = Release;
		};
		13CE3ECE155611CC009B3448 /* Debug */ = {
			isa = XCBuildConfiguration;
			buildSettings = {
				GCC_PRECOMPILE_PREFIX_HEADER = YES;
				GCC_PREFIX_HEADER = "BallHole/BallHole-Prefix.pch";
				INFOPLIST_FILE = "BallHole/BallHole-Info.plist";
				PRODUCT_NAME = "$(TARGET_NAME)";
				WRAPPER_EXTENSION = app;
			};
			name = Debug;
		};
		13CE3ECF155611CC009B3448 /* Release */ = {
			isa = XCBuildConfiguration;
			buildSettings = {
				GCC_PRECOMPILE_PREFIX_HEADER = YES;
				GCC_PREFIX_HEADER = "BallHole/BallHole-Prefix.pch";
				INFOPLIST_FILE = "BallHole/BallHole-Info.plist";
				PRODUCT_NAME = "$(TARGET_NAME)";
				WRAPPER_EXTENSION = app;
			};
			name = Release;
		};
/* End XCBuildConfiguration section */

/* Begin XCConfigurationList section */
		13CE3EA9155611CC009B3448 /* Build configuration list for PBXProject "BallHole" */ = {
			isa = XCConfigurationList;
			buildConfigurations = (
				13CE3ECB155611CC009B3448 /* Debug */,
				13CE3ECC155611CC009B3448 /* Release */,
			);
			defaultConfigurationIsVisible = 0;
			defaultConfigurationName = Release;
		};
		13CE3ECD155611CC009B3448 /* Build configuration list for PBXNativeTarget "BallHole" */ = {
			isa = XCConfigurationList;
			buildConfigurations = (
				13CE3ECE155611CC009B3448 /* Debug */,
				13CE3ECF155611CC009B3448 /* Release */,
			);
			defaultConfigurationIsVisible = 0;
			defaultConfigurationName = Release;
		};
/* End XCConfigurationList section */
	};
	rootObject = 13CE3EA6155611CC009B3448 /* Project object */;
}
